
Microsoft Visual Studio Solution File, Format Version 12.00
# Visual Studio Version 17
VisualStudioVersion = 17.14.36623.8 d17.14
MinimumVisualStudioVersion = 10.0.40219.1
Project("{2150E333-8FDC-42A3-9474-1A3956D46DE8}") = "vista", "vista", "{02EA681E-C7D8-13C7-8484-4AC65E1B71E8}"
EndProject
Project("{FAE04EC0-301F-11D3-BF4B-00C04F79EFBC}") = "pnlDashboardPersonal", "pnlDashboardPersonal\pnlDashboardPersonal.csproj", "{B110B528-DB0F-4D8C-9716-DBAF9AC4A161}"
EndProject
Global
	GlobalSection(SolutionConfigurationPlatforms) = preSolution
		Debug|Any CPU = Debug|Any CPU
		Release|Any CPU = Release|Any CPU
	EndGlobalSection
	GlobalSection(ProjectConfigurationPlatforms) = postSolution
		{B110B528-DB0F-4D8C-9716-DBAF9AC4A161}.Debug|Any CPU.ActiveCfg = Debug|Any CPU
		{B110B528-DB0F-4D8C-9716-DBAF9AC4A161}.Debug|Any CPU.Build.0 = Debug|Any CPU
		{B110B528-DB0F-4D8C-9716-DBAF9AC4A161}.Release|Any CPU.ActiveCfg = Release|Any CPU
		{B110B528-DB0F-4D8C-9716-DBAF9AC4A161}.Release|Any CPU.Build.0 = Release|Any CPU
	EndGlobalSection
	GlobalSection(SolutionProperties) = preSolution
		HideSolutionNode = FALSE
	EndGlobalSection
	GlobalSection(NestedProjects) = preSolution
		{B110B528-DB0F-4D8C-9716-DBAF9AC4A161} = {02EA681E-C7D8-13C7-8484-4AC65E1B71E8}
	EndGlobalSection
	GlobalSection(ExtensibilityGlobals) = postSolution
		SolutionGuid = {877ED6BC-C795-4264-85D8-9F6A05877A28}
	EndGlobalSection
EndGlobal
